
Microsoft Visual Studio Solution File, Format Version 12.00
# Visual Studio 2013
VisualStudioVersion = 12.0.31101.0
MinimumVisualStudioVersion = 10.0.40219.1
Project("{2150E333-8FDC-42A3-9474-1A3956D46DE8}") = "0 - Modeling and Design", "0 - Modeling and Design", "{09643795-86DB-4FC9-8B17-50B1FE96CCF0}"
EndProject
Project("{2150E333-8FDC-42A3-9474-1A3956D46DE8}") = "1 - Layers", "1 - Layers", "{5C44564F-0352-4BC8-AEF5-74C1F8B125D9}"
EndProject
Project("{2150E333-8FDC-42A3-9474-1A3956D46DE8}") = "2 - Database", "2 - Database", "{00DD7F9A-F967-412B-AF55-F460E8455754}"
EndProject
Project("{2150E333-8FDC-42A3-9474-1A3956D46DE8}") = "1.1 - Presentation", "1.1 - Presentation", "{60CA0A91-3EC5-4E59-BA29-D05711CC2025}"
EndProject
Project("{2150E333-8FDC-42A3-9474-1A3956D46DE8}") = "1.2 - Distributed Services", "1.2 - Distributed Services", "{0DCABD3E-FC0C-4BB7-89B1-496C2C49ACE1}"
EndProject
Project("{2150E333-8FDC-42A3-9474-1A3956D46DE8}") = "1.3 - Application", "1.3 - Application", "{C606D4D5-A76A-494B-8162-20FEE414184A}"
EndProject
Project("{2150E333-8FDC-42A3-9474-1A3956D46DE8}") = "1.4 - Domain", "1.4 - Domain", "{42907FFE-1670-435A-A555-3D6F6210FAC7}"
EndProject
Project("{2150E333-8FDC-42A3-9474-1A3956D46DE8}") = "1.5 - Infrastructure", "1.5 - Infrastructure", "{9408E3AB-1B04-4C78-A2D8-276F1EDE1CF1}"
EndProject
Project("{2150E333-8FDC-42A3-9474-1A3956D46DE8}") = "1.4.1 - Core", "1.4.1 - Core", "{C40E2EC6-8892-4E12-93FE-CBB4E208C7E8}"
EndProject
Project("{2150E333-8FDC-42A3-9474-1A3956D46DE8}") = "1.4.2 - MainModule", "1.4.2 - MainModule", "{55A75686-326C-4A2A-ABAC-9B69FA256B17}"
EndProject
Project("{2150E333-8FDC-42A3-9474-1A3956D46DE8}") = "1.5.1 - Data", "1.5.1 - Data", "{AF04092A-F52D-47AB-A187-FD3E4D05DFE2}"
EndProject
Project("{2150E333-8FDC-42A3-9474-1A3956D46DE8}") = "1.5.2 - Cross Cutting", "1.5.2 - Cross Cutting", "{76F1B429-4AEB-49FC-8BC1-1EE37096A36B}"
EndProject
Project("{2150E333-8FDC-42A3-9474-1A3956D46DE8}") = "Solution Items", "Solution Items", "{78FF85F0-8D39-460F-8F1B-1A32341F0BA0}"
EndProject
Project("{2150E333-8FDC-42A3-9474-1A3956D46DE8}") = ".nuget", ".nuget", "{14C10D6E-5F6F-472F-BFB4-9BDE422639D3}"
EndProject
Project("{FAE04EC0-301F-11D3-BF4B-00C04F79EFBC}") = "AvisameSi.WebUI", "AvisameSi.WebUI\AvisameSi.WebUI.csproj", "{9B50AC11-6CFF-4A6D-B191-79FF45CEA6B8}"
EndProject
Project("{FAE04EC0-301F-11D3-BF4B-00C04F79EFBC}") = "AvisameSi.ServiceLibrary", "AvisameSi.ServiceLibrary\AvisameSi.ServiceLibrary.csproj", "{9F00F145-D61F-4B62-80ED-0DC4C53D85ED}"
EndProject
Project("{FAE04EC0-301F-11D3-BF4B-00C04F79EFBC}") = "AvisameSi.Redis.Infrastructure", "AvisameSi.Redis.Infrastructure\AvisameSi.Redis.Infrastructure.csproj", "{4F95F106-460F-48A9-A4D2-E6CE52DE36EF}"
EndProject
Global
	GlobalSection(SolutionConfigurationPlatforms) = preSolution
		Debug|Any CPU = Debug|Any CPU
		Release|Any CPU = Release|Any CPU
	EndGlobalSection
	GlobalSection(ProjectConfigurationPlatforms) = postSolution
		{9B50AC11-6CFF-4A6D-B191-79FF45CEA6B8}.Debug|Any CPU.ActiveCfg = Debug|Any CPU
		{9B50AC11-6CFF-4A6D-B191-79FF45CEA6B8}.Debug|Any CPU.Build.0 = Debug|Any CPU
		{9B50AC11-6CFF-4A6D-B191-79FF45CEA6B8}.Release|Any CPU.ActiveCfg = Release|Any CPU
		{9B50AC11-6CFF-4A6D-B191-79FF45CEA6B8}.Release|Any CPU.Build.0 = Release|Any CPU
		{9F00F145-D61F-4B62-80ED-0DC4C53D85ED}.Debug|Any CPU.ActiveCfg = Debug|Any CPU
		{9F00F145-D61F-4B62-80ED-0DC4C53D85ED}.Debug|Any CPU.Build.0 = Debug|Any CPU
		{9F00F145-D61F-4B62-80ED-0DC4C53D85ED}.Release|Any CPU.ActiveCfg = Release|Any CPU
		{9F00F145-D61F-4B62-80ED-0DC4C53D85ED}.Release|Any CPU.Build.0 = Release|Any CPU
		{4F95F106-460F-48A9-A4D2-E6CE52DE36EF}.Debug|Any CPU.ActiveCfg = Debug|Any CPU
		{4F95F106-460F-48A9-A4D2-E6CE52DE36EF}.Debug|Any CPU.Build.0 = Debug|Any CPU
		{4F95F106-460F-48A9-A4D2-E6CE52DE36EF}.Release|Any CPU.ActiveCfg = Release|Any CPU
		{4F95F106-460F-48A9-A4D2-E6CE52DE36EF}.Release|Any CPU.Build.0 = Release|Any CPU
	EndGlobalSection
	GlobalSection(SolutionProperties) = preSolution
		HideSolutionNode = FALSE
	EndGlobalSection
	GlobalSection(NestedProjects) = preSolution
		{60CA0A91-3EC5-4E59-BA29-D05711CC2025} = {5C44564F-0352-4BC8-AEF5-74C1F8B125D9}
		{0DCABD3E-FC0C-4BB7-89B1-496C2C49ACE1} = {5C44564F-0352-4BC8-AEF5-74C1F8B125D9}
		{C606D4D5-A76A-494B-8162-20FEE414184A} = {5C44564F-0352-4BC8-AEF5-74C1F8B125D9}
		{42907FFE-1670-435A-A555-3D6F6210FAC7} = {5C44564F-0352-4BC8-AEF5-74C1F8B125D9}
		{9408E3AB-1B04-4C78-A2D8-276F1EDE1CF1} = {5C44564F-0352-4BC8-AEF5-74C1F8B125D9}
		{C40E2EC6-8892-4E12-93FE-CBB4E208C7E8} = {42907FFE-1670-435A-A555-3D6F6210FAC7}
		{55A75686-326C-4A2A-ABAC-9B69FA256B17} = {42907FFE-1670-435A-A555-3D6F6210FAC7}
		{AF04092A-F52D-47AB-A187-FD3E4D05DFE2} = {9408E3AB-1B04-4C78-A2D8-276F1EDE1CF1}
		{76F1B429-4AEB-49FC-8BC1-1EE37096A36B} = {9408E3AB-1B04-4C78-A2D8-276F1EDE1CF1}
		{9B50AC11-6CFF-4A6D-B191-79FF45CEA6B8} = {60CA0A91-3EC5-4E59-BA29-D05711CC2025}
		{9F00F145-D61F-4B62-80ED-0DC4C53D85ED} = {C606D4D5-A76A-494B-8162-20FEE414184A}
		{4F95F106-460F-48A9-A4D2-E6CE52DE36EF} = {AF04092A-F52D-47AB-A187-FD3E4D05DFE2}
	EndGlobalSection
EndGlobal
